
Microsoft Visual Studio Solution File, Format Version 12.00
# Visual Studio Version 17
VisualStudioVersion = 17.14.36511.14 d17.14
MinimumVisualStudioVersion = 10.0.40219.1
Project("{888888A0-9F3D-457C-B088-3A5042F75D52}") = "PDF_Bear_Tools", "PDF_Bear_Tools\PDF_Bear_Tools.pyproj", "{F05DACD6-C5E6-482A-85BC-7099885A3864}"
EndProject
Global
	GlobalSection(SolutionConfigurationPlatforms) = preSolution
		Debug|Any CPU = Debug|Any CPU
		Release|Any CPU = Release|Any CPU
	EndGlobalSection
	GlobalSection(ProjectConfigurationPlatforms) = postSolution
		{F05DACD6-C5E6-482A-85BC-7099885A3864}.Debug|Any CPU.ActiveCfg = Debug|Any CPU
		{F05DACD6-C5E6-482A-85BC-7099885A3864}.Release|Any CPU.ActiveCfg = Release|Any CPU
	EndGlobalSection
	GlobalSection(SolutionProperties) = preSolution
		HideSolutionNode = FALSE
	EndGlobalSection
	GlobalSection(ExtensibilityGlobals) = postSolution
		SolutionGuid = {3BE4ED0C-D0E3-47D2-9A4B-6A413F0CCA96}
	EndGlobalSection
EndGlobal
